
Microsoft Visual Studio Solution File, Format Version 12.00
# Visual Studio Version 17
VisualStudioVersion = 17.8.34322.80
MinimumVisualStudioVersion = 10.0.40219.1
Project("{FAE04EC0-301F-11D3-BF4B-00C04F79EFBC}") = "event managment API", "event managment API.csproj", "{869847DE-F804-4870-8BC9-01BA33B66060}"
EndProject
Global
	GlobalSection(SolutionConfigurationPlatforms) = preSolution
		Debug|Any CPU = Debug|Any CPU
		Release|Any CPU = Release|Any CPU
	EndGlobalSection
	GlobalSection(ProjectConfigurationPlatforms) = postSolution
		{869847DE-F804-4870-8BC9-01BA33B66060}.Debug|Any CPU.ActiveCfg = Debug|Any CPU
		{869847DE-F804-4870-8BC9-01BA33B66060}.Debug|Any CPU.Build.0 = Debug|Any CPU
		{869847DE-F804-4870-8BC9-01BA33B66060}.Release|Any CPU.ActiveCfg = Release|Any CPU
		{869847DE-F804-4870-8BC9-01BA33B66060}.Release|Any CPU.Build.0 = Release|Any CPU
	EndGlobalSection
	GlobalSection(SolutionProperties) = preSolution
		HideSolutionNode = FALSE
	EndGlobalSection
	GlobalSection(ExtensibilityGlobals) = postSolution
		SolutionGuid = {411358FA-4E85-436E-9A67-DB2A73C79096}
	EndGlobalSection
EndGlobal
